
Microsoft Visual Studio Solution File, Format Version 12.00
# Visual Studio Version 16
VisualStudioVersion = 16.0.29215.179
MinimumVisualStudioVersion = 10.0.40219.1
Project("{FAE04EC0-301F-11D3-BF4B-00C04F79EFBC}") = "Cap9,10,12", "Cap9,10,12\Cap9,10,12.csproj", "{36D1E9B6-CDCD-43C6-AEC4-D989629988F9}"
EndProject
Global
	GlobalSection(SolutionConfigurationPlatforms) = preSolution
		Debug|Any CPU = Debug|Any CPU
		Release|Any CPU = Release|Any CPU
	EndGlobalSection
	GlobalSection(ProjectConfigurationPlatforms) = postSolution
		{36D1E9B6-CDCD-43C6-AEC4-D989629988F9}.Debug|Any CPU.ActiveCfg = Debug|Any CPU
		{36D1E9B6-CDCD-43C6-AEC4-D989629988F9}.Debug|Any CPU.Build.0 = Debug|Any CPU
		{36D1E9B6-CDCD-43C6-AEC4-D989629988F9}.Release|Any CPU.ActiveCfg = Release|Any CPU
		{36D1E9B6-CDCD-43C6-AEC4-D989629988F9}.Release|Any CPU.Build.0 = Release|Any CPU
	EndGlobalSection
	GlobalSection(SolutionProperties) = preSolution
		HideSolutionNode = FALSE
	EndGlobalSection
	GlobalSection(ExtensibilityGlobals) = postSolution
		SolutionGuid = {727B4110-69F6-404C-9446-BBC40C8DD833}
	EndGlobalSection
EndGlobal
